// !$*UTF8*$!
{
	archiveVersion = 1;
	classes = {
	};
	objectVersion = 46;
	objects = {

/* Begin PBXBuildFile section */
		764DD3191D81FFA20033ECCE /* ThreeRingControl.h in Headers */ = {isa = PBXBuildFile; fileRef = 764DD3181D81FFA20033ECCE /* ThreeRingControl.h */; settings = {ATTRIBUTES = (Public, ); }; };
		764DD3201D81FFA20033ECCE /* ThreeRingControl.framework in Frameworks */ = {isa = PBXBuildFile; fileRef = 764DD3151D81FFA20033ECCE /* ThreeRingControl.framework */; };
		764DD3251D81FFA20033ECCE /* ThreeRingControlTests.swift in Sources */ = {isa = PBXBuildFile; fileRef = 764DD3241D81FFA20033ECCE /* ThreeRingControlTests.swift */; };
		764DD3371D82002D0033ECCE /* CircularGradient.swift in Sources */ = {isa = PBXBuildFile; fileRef = 764DD32F1D82002D0033ECCE /* CircularGradient.swift */; };
		764DD3381D82002D0033ECCE /* coin07.mp3 in Resources */ = {isa = PBXBuildFile; fileRef = 764DD3301D82002D0033ECCE /* coin07.mp3 */; };
		764DD3391D82002D0033ECCE /* Fanfare.swift in Sources */ = {isa = PBXBuildFile; fileRef = 764DD3311D82002D0033ECCE /* Fanfare.swift */; };
		764DD33A1D82002D0033ECCE /* RingLayer.swift in Sources */ = {isa = PBXBuildFile; fileRef = 764DD3321D82002D0033ECCE /* RingLayer.swift */; };
		764DD33B1D82002D0033ECCE /* RingTip.swift in Sources */ = {isa = PBXBuildFile; fileRef = 764DD3331D82002D0033ECCE /* RingTip.swift */; };
		764DD33C1D82002D0033ECCE /* ThreeRingView.swift in Sources */ = {isa = PBXBuildFile; fileRef = 764DD3341D82002D0033ECCE /* ThreeRingView.swift */; };
		764DD33D1D82002D0033ECCE /* Utilities.swift in Sources */ = {isa = PBXBuildFile; fileRef = 764DD3351D82002D0033ECCE /* Utilities.swift */; };
		764DD33E1D82002D0033ECCE /* winning.mp3 in Resources */ = {isa = PBXBuildFile; fileRef = 764DD3361D82002D0033ECCE /* winning.mp3 */; };
		764DD3601D8203B70033ECCE /* ThreeRingTest.swift in Sources */ = {isa = PBXBuildFile; fileRef = 764DD35F1D8203B70033ECCE /* ThreeRingTest.swift */; };
/* End PBXBuildFile section */

/* Begin PBXContainerItemProxy section */
		764DD3211D81FFA20033ECCE /* PBXContainerItemProxy */ = {
			isa = PBXContainerItemProxy;
			containerPortal = 764DD30C1D81FFA20033ECCE /* Project object */;
			proxyType = 1;
			remoteGlobalIDString = 764DD3141D81FFA20033ECCE;
			remoteInfo = ThreeRingControl;
		};
/* End PBXContainerItemProxy section */

/* Begin PBXFileReference section */
		764DD3151D81FFA20033ECCE /* ThreeRingControl.framework */ = {isa = PBXFileReference; explicitFileType = wrapper.framework; includeInIndex = 0; path = ThreeRingControl.framework; sourceTree = BUILT_PRODUCTS_DIR; };
		764DD3181D81FFA20033ECCE /* ThreeRingControl.h */ = {isa = PBXFileReference; lastKnownFileType = sourcecode.c.h; path = ThreeRingControl.h; sourceTree = "<group>"; };
		764DD31A1D81FFA20033ECCE /* Info.plist */ = {isa = PBXFileReference; lastKnownFileType = text.plist.xml; path = Info.plist; sourceTree = "<group>"; };
		764DD31F1D81FFA20033ECCE /* ThreeRingControlTests.xctest */ = {isa = PBXFileReference; explicitFileType = wrapper.cfbundle; includeInIndex = 0; path = ThreeRingControlTests.xctest; sourceTree = BUILT_PRODUCTS_DIR; };
		764DD3241D81FFA20033ECCE /* ThreeRingControlTests.swift */ = {isa = PBXFileReference; lastKnownFileType = sourcecode.swift; path = ThreeRingControlTests.swift; sourceTree = "<group>"; };
		764DD3261D81FFA20033ECCE /* Info.plist */ = {isa = PBXFileReference; lastKnownFileType = text.plist.xml; path = Info.plist; sourceTree = "<group>"; };
		764DD32F1D82002D0033ECCE /* CircularGradient.swift */ = {isa = PBXFileReference; fileEncoding = 4; lastKnownFileType = sourcecode.swift; path = CircularGradient.swift; sourceTree = "<group>"; };
		764DD3301D82002D0033ECCE /* coin07.mp3 */ = {isa = PBXFileReference; lastKnownFileType = audio.mp3; path = coin07.mp3; sourceTree = "<group>"; };
		764DD3311D82002D0033ECCE /* Fanfare.swift */ = {isa = PBXFileReference; fileEncoding = 4; lastKnownFileType = sourcecode.swift; path = Fanfare.swift; sourceTree = "<group>"; };
		764DD3321D82002D0033ECCE /* RingLayer.swift */ = {isa = PBXFileReference; fileEncoding = 4; lastKnownFileType = sourcecode.swift; path = RingLayer.swift; sourceTree = "<group>"; };
		764DD3331D82002D0033ECCE /* RingTip.swift */ = {isa = PBXFileReference; fileEncoding = 4; lastKnownFileType = sourcecode.swift; path = RingTip.swift; sourceTree = "<group>"; };
		764DD3341D82002D0033ECCE /* ThreeRingView.swift */ = {isa = PBXFileReference; fileEncoding = 4; lastKnownFileType = sourcecode.swift; path = ThreeRingView.swift; sourceTree = "<group>"; };
		764DD3351D82002D0033ECCE /* Utilities.swift */ = {isa = PBXFileReference; fileEncoding = 4; lastKnownFileType = sourcecode.swift; path = Utilities.swift; sourceTree = "<group>"; };
		764DD3361D82002D0033ECCE /* winning.mp3 */ = {isa = PBXFileReference; lastKnownFileType = audio.mp3; path = winning.mp3; sourceTree = "<group>"; };
		764DD35F1D8203B70033ECCE /* ThreeRingTest.swift */ = {isa = PBXFileReference; fileEncoding = 4; lastKnownFileType = sourcecode.swift; path = ThreeRingTest.swift; sourceTree = "<group>"; };
/* End PBXFileReference section */

/* Begin PBXFrameworksBuildPhase section */
		764DD3111D81FFA20033ECCE /* Frameworks */ = {
			isa = PBXFrameworksBuildPhase;
			buildActionMask = 2147483647;
			files = (
			);
			runOnlyForDeploymentPostprocessing = 0;
		};
		764DD31C1D81FFA20033ECCE /* Frameworks */ = {
			isa = PBXFrameworksBuildPhase;
			buildActionMask = 2147483647;
			files = (
				764DD3201D81FFA20033ECCE /* ThreeRingControl.framework in Frameworks */,
			);
			runOnlyForDeploymentPostprocessing = 0;
		};
/* End PBXFrameworksBuildPhase section */

/* Begin PBXGroup section */
		764DD30B1D81FFA20033ECCE = {
			isa = PBXGroup;
			children = (
				764DD3171D81FFA20033ECCE /* ThreeRingControl */,
				764DD3231D81FFA20033ECCE /* ThreeRingControlTests */,
				764DD3161D81FFA20033ECCE /* Products */,
			);
			sourceTree = "<group>";
		};
		764DD3161D81FFA20033ECCE /* Products */ = {
			isa = PBXGroup;
			children = (
				764DD3151D81FFA20033ECCE /* ThreeRingControl.framework */,
				764DD31F1D81FFA20033ECCE /* ThreeRingControlTests.xctest */,
			);
			name = Products;
			sourceTree = "<group>";
		};
		764DD3171D81FFA20033ECCE /* ThreeRingControl */ = {
			isa = PBXGroup;
			children = (
				764DD32F1D82002D0033ECCE /* CircularGradient.swift */,
				764DD3301D82002D0033ECCE /* coin07.mp3 */,
				764DD3311D82002D0033ECCE /* Fanfare.swift */,
				764DD3321D82002D0033ECCE /* RingLayer.swift */,
				764DD3331D82002D0033ECCE /* RingTip.swift */,
				764DD3341D82002D0033ECCE /* ThreeRingView.swift */,
				764DD3351D82002D0033ECCE /* Utilities.swift */,
				764DD3361D82002D0033ECCE /* winning.mp3 */,
				764DD3181D81FFA20033ECCE /* ThreeRingControl.h */,
				764DD31A1D81FFA20033ECCE /* Info.plist */,
			);
			path = ThreeRingControl;
			sourceTree = "<group>";
		};
		764DD3231D81FFA20033ECCE /* ThreeRingControlTests */ = {
			isa = PBXGroup;
			children = (
				764DD3241D81FFA20033ECCE /* ThreeRingControlTests.swift */,
				764DD35F1D8203B70033ECCE /* ThreeRingTest.swift */,
				764DD3261D81FFA20033ECCE /* Info.plist */,
			);
			path = ThreeRingControlTests;
			sourceTree = "<group>";
		};
/* End PBXGroup section */

/* Begin PBXHeadersBuildPhase section */
		764DD3121D81FFA20033ECCE /* Headers */ = {
			isa = PBXHeadersBuildPhase;
			buildActionMask = 2147483647;
			files = (
				764DD3191D81FFA20033ECCE /* ThreeRingControl.h in Headers */,
			);
			runOnlyForDeploymentPostprocessing = 0;
		};
/* End PBXHeadersBuildPhase section */

/* Begin PBXNativeTarget section */
		764DD3141D81FFA20033ECCE /* ThreeRingControl */ = {
			isa = PBXNativeTarget;
			buildConfigurationList = 764DD3291D81FFA20033ECCE /* Build configuration list for PBXNativeTarget "ThreeRingControl" */;
			buildPhases = (
				764DD3101D81FFA20033ECCE /* Sources */,
				764DD3111D81FFA20033ECCE /* Frameworks */,
				764DD3121D81FFA20033ECCE /* Headers */,
				764DD3131D81FFA20033ECCE /* Resources */,
			);
			buildRules = (
			);
			dependencies = (
			);
			name = ThreeRingControl;
			productName = ThreeRingControl;
			productReference = 764DD3151D81FFA20033ECCE /* ThreeRingControl.framework */;
			productType = "com.apple.product-type.framework";
		};
		764DD31E1D81FFA20033ECCE /* ThreeRingControlTests */ = {
			isa = PBXNativeTarget;
			buildConfigurationList = 764DD32C1D81FFA20033ECCE /* Build configuration list for PBXNativeTarget "ThreeRingControlTests" */;
			buildPhases = (
				764DD31B1D81FFA20033ECCE /* Sources */,
				764DD31C1D81FFA20033ECCE /* Frameworks */,
				764DD31D1D81FFA20033ECCE /* Resources */,
			);
			buildRules = (
			);
			dependencies = (
				764DD3221D81FFA20033ECCE /* PBXTargetDependency */,
			);
			name = ThreeRingControlTests;
			productName = ThreeRingControlTests;
			productReference = 764DD31F1D81FFA20033ECCE /* ThreeRingControlTests.xctest */;
			productType = "com.apple.product-type.bundle.unit-test";
		};
/* End PBXNativeTarget section */

/* Begin PBXProject section */
		764DD30C1D81FFA20033ECCE /* Project object */ = {
			isa = PBXProject;
			attributes = {
				LastSwiftUpdateCheck = 0730;
				LastUpgradeCheck = 0730;
				ORGANIZATIONNAME = "York Yang";
				TargetAttributes = {
					764DD3141D81FFA20033ECCE = {
						CreatedOnToolsVersion = 7.3.1;
					};
					764DD31E1D81FFA20033ECCE = {
						CreatedOnToolsVersion = 7.3.1;
					};
				};
			};
			buildConfigurationList = 764DD30F1D81FFA20033ECCE /* Build configuration list for PBXProject "ThreeRingControl" */;
			compatibilityVersion = "Xcode 3.2";
			developmentRegion = English;
			hasScannedForEncodings = 0;
			knownRegions = (
				en,
			);
			mainGroup = 764DD30B1D81FFA20033ECCE;
			productRefGroup = 764DD3161D81FFA20033ECCE /* Products */;
			projectDirPath = "";
			projectRoot = "";
			targets = (
				764DD3141D81FFA20033ECCE /* ThreeRingControl */,
				764DD31E1D81FFA20033ECCE /* ThreeRingControlTests */,
			);
		};
/* End PBXProject section */

/* Begin PBXResourcesBuildPhase section */
		764DD3131D81FFA20033ECCE /* Resources */ = {
			isa = PBXResourcesBuildPhase;
			buildActionMask = 2147483647;
			files = (
				764DD3381D82002D0033ECCE /* coin07.mp3 in Resources */,
				764DD33E1D82002D0033ECCE /* winning.mp3 in Resources */,
			);
			runOnlyForDeploymentPostprocessing = 0;
		};
		764DD31D1D81FFA20033ECCE /* Resources */ = {
			isa = PBXResourcesBuildPhase;
			buildActionMask = 2147483647;
			files = (
			);
			runOnlyForDeploymentPostprocessing = 0;
		};
/* End PBXResourcesBuildPhase section */

/* Begin PBXSourcesBuildPhase section */
		764DD3101D81FFA20033ECCE /* Sources */ = {
			isa = PBXSourcesBuildPhase;
			buildActionMask = 2147483647;
			files = (
				764DD33D1D82002D0033ECCE /* Utilities.swift in Sources */,
				764DD3371D82002D0033ECCE /* CircularGradient.swift in Sources */,
				764DD33B1D82002D0033ECCE /* RingTip.swift in Sources */,
				764DD33C1D82002D0033ECCE /* ThreeRingView.swift in Sources */,
				764DD33A1D82002D0033ECCE /* RingLayer.swift in Sources */,
				764DD3391D82002D0033ECCE /* Fanfare.swift in Sources */,
			);
			runOnlyForDeploymentPostprocessing = 0;
		};
		764DD31B1D81FFA20033ECCE /* Sources */ = {
			isa = PBXSourcesBuildPhase;
			buildActionMask = 2147483647;
			files = (
				764DD3601D8203B70033ECCE /* ThreeRingTest.swift in Sources */,
				764DD3251D81FFA20033ECCE /* ThreeRingControlTests.swift in Sources */,
			);
			runOnlyForDeploymentPostprocessing = 0;
		};
/* End PBXSourcesBuildPhase section */

/* Begin PBXTargetDependency section */
		764DD3221D81FFA20033ECCE /* PBXTargetDependency */ = {
			isa = PBXTargetDependency;
			target = 764DD3141D81FFA20033ECCE /* ThreeRingControl */;
			targetProxy = 764DD3211D81FFA20033ECCE /* PBXContainerItemProxy */;
		};
/* End PBXTargetDependency section */

/* Begin XCBuildConfiguration section */
		764DD3271D81FFA20033ECCE /* Debug */ = {
			isa = XCBuildConfiguration;
			buildSettings = {
				ALWAYS_SEARCH_USER_PATHS = NO;
				CLANG_ANALYZER_NONNULL = YES;
				CLANG_CXX_LANGUAGE_STANDARD = "gnu++0x";
				CLANG_CXX_LIBRARY = "libc++";
				CLANG_ENABLE_MODULES = YES;
				CLANG_ENABLE_OBJC_ARC = YES;
				CLANG_WARN_BOOL_CONVERSION = YES;
				CLANG_WARN_CONSTANT_CONVERSION = YES;
				CLANG_WARN_DIRECT_OBJC_ISA_USAGE = YES_ERROR;
				CLANG_WARN_EMPTY_BODY = YES;
				CLANG_WARN_ENUM_CONVERSION = YES;
				CLANG_WARN_INT_CONVERSION = YES;
				CLANG_WARN_OBJC_ROOT_CLASS = YES_ERROR;
				CLANG_WARN_UNREACHABLE_CODE = YES;
				CLANG_WARN__DUPLICATE_METHOD_MATCH = YES;
				"CODE_SIGN_IDENTITY[sdk=iphoneos*]" = "iPhone Developer";
				COPY_PHASE_STRIP = NO;
				CURRENT_PROJECT_VERSION = 1;
				DEBUG_INFORMATION_FORMAT = dwarf;
				ENABLE_STRICT_OBJC_MSGSEND = YES;
				ENABLE_TESTABILITY = YES;
				GCC_C_LANGUAGE_STANDARD = gnu99;
				GCC_DYNAMIC_NO_PIC = NO;
				GCC_NO_COMMON_BLOCKS = YES;
				GCC_OPTIMIZATION_LEVEL = 0;
				GCC_PREPROCESSOR_DEFINITIONS = (
					"DEBUG=1",
					"$(inherited)",
				);
				GCC_WARN_64_TO_32_BIT_CONVERSION = YES;
				GCC_WARN_ABOUT_RETURN_TYPE = YES_ERROR;
				GCC_WARN_UNDECLARED_SELECTOR = YES;
				GCC_WARN_UNINITIALIZED_AUTOS = YES_AGGRESSIVE;
				GCC_WARN_UNUSED_FUNCTION = YES;
				GCC_WARN_UNUSED_VARIABLE = YES;
				IPHONEOS_DEPLOYMENT_TARGET = 9.3;
				MTL_ENABLE_DEBUG_INFO = YES;
				ONLY_ACTIVE_ARCH = YES;
				SDKROOT = iphoneos;
				SWIFT_OPTIMIZATION_LEVEL = "-Onone";
				TARGETED_DEVICE_FAMILY = "1,2";
				VERSIONING_SYSTEM = "apple-generic";
				VERSION_INFO_PREFIX = "";
			};
			name = Debug;
		};
		764DD3281D81FFA20033ECCE /* Release */ = {
			isa = XCBuildConfiguration;
			buildSettings = {
				ALWAYS_SEARCH_USER_PATHS = NO;
				CLANG_ANALYZER_NONNULL = YES;
				CLANG_CXX_LANGUAGE_STANDARD = "gnu++0x";
				CLANG_CXX_LIBRARY = "libc++";
				CLANG_ENABLE_MODULES = YES;
				CLANG_ENABLE_OBJC_ARC = YES;
				CLANG_WARN_BOOL_CONVERSION = YES;
				CLANG_WARN_CONSTANT_CONVERSION = YES;
				CLANG_WARN_DIRECT_OBJC_ISA_USAGE = YES_ERROR;
				CLANG_WARN_EMPTY_BODY = YES;
				CLANG_WARN_ENUM_CONVERSION = YES;
				CLANG_WARN_INT_CONVERSION = YES;
				CLANG_WARN_OBJC_ROOT_CLASS = YES_ERROR;
				CLANG_WARN_UNREACHABLE_CODE = YES;
				CLANG_WARN__DUPLICATE_METHOD_MATCH = YES;
				"CODE_SIGN_IDENTITY[sdk=iphoneos*]" = "iPhone Developer";
				COPY_PHASE_STRIP = NO;
				CURRENT_PROJECT_VERSION = 1;
				DEBUG_INFORMATION_FORMAT = "dwarf-with-dsym";
				ENABLE_NS_ASSERTIONS = NO;
				ENABLE_STRICT_OBJC_MSGSEND = YES;
				GCC_C_LANGUAGE_STANDARD = gnu99;
				GCC_NO_COMMON_BLOCKS = YES;
				GCC_WARN_64_TO_32_BIT_CONVERSION = YES;
				GCC_WARN_ABOUT_RETURN_TYPE = YES_ERROR;
				GCC_WARN_UNDECLARED_SELECTOR = YES;
				GCC_WARN_UNINITIALIZED_AUTOS = YES_AGGRESSIVE;
				GCC_WARN_UNUSED_FUNCTION = YES;
				GCC_WARN_UNUSED_VARIABLE = YES;
				IPHONEOS_DEPLOYMENT_TARGET = 9.3;
				MTL_ENABLE_DEBUG_INFO = NO;
				SDKROOT = iphoneos;
				TARGETED_DEVICE_FAMILY = "1,2";
				VALIDATE_PRODUCT = YES;
				VERSIONING_SYSTEM = "apple-generic";
				VERSION_INFO_PREFIX = "";
			};
			name = Release;
		};
		764DD32A1D81FFA20033ECCE /* Debug */ = {
			isa = XCBuildConfiguration;
			buildSettings = {
				CLANG_ENABLE_MODULES = YES;
				DEFINES_MODULE = YES;
				DYLIB_COMPATIBILITY_VERSION = 1;
				DYLIB_CURRENT_VERSION = 1;
				DYLIB_INSTALL_NAME_BASE = "@rpath";
				INFOPLIST_FILE = ThreeRingControl/Info.plist;
				INSTALL_PATH = "$(LOCAL_LIBRARY_DIR)/Frameworks";
				LD_RUNPATH_SEARCH_PATHS = "$(inherited) @executable_path/Frameworks @loader_path/Frameworks";
				PRODUCT_BUNDLE_IDENTIFIER = yorkyang.ThreeRingControl;
				PRODUCT_NAME = "$(TARGET_NAME)";
				SKIP_INSTALL = YES;
				SWIFT_OPTIMIZATION_LEVEL = "-Onone";
			};
			name = Debug;
		};
		764DD32B1D81FFA20033ECCE /* Release */ = {
			isa = XCBuildConfiguration;
			buildSettings = {
				CLANG_ENABLE_MODULES = YES;
				DEFINES_MODULE = YES;
				DYLIB_COMPATIBILITY_VERSION = 1;
				DYLIB_CURRENT_VERSION = 1;
				DYLIB_INSTALL_NAME_BASE = "@rpath";
				INFOPLIST_FILE = ThreeRingControl/Info.plist;
				INSTALL_PATH = "$(LOCAL_LIBRARY_DIR)/Frameworks";
				LD_RUNPATH_SEARCH_PATHS = "$(inherited) @executable_path/Frameworks @loader_path/Frameworks";
				PRODUCT_BUNDLE_IDENTIFIER = yorkyang.ThreeRingControl;
				PRODUCT_NAME = "$(TARGET_NAME)";
				SKIP_INSTALL = YES;
			};
			name = Release;
		};
		764DD32D1D81FFA20033ECCE /* Debug */ = {
			isa = XCBuildConfiguration;
			buildSettings = {
				INFOPLIST_FILE = ThreeRingControlTests/Info.plist;
				LD_RUNPATH_SEARCH_PATHS = "$(inherited) @executable_path/Frameworks @loader_path/Frameworks";
				PRODUCT_BUNDLE_IDENTIFIER = yorkyang.ThreeRingControlTests;
				PRODUCT_NAME = "$(TARGET_NAME)";
			};
			name = Debug;
		};
		764DD32E1D81FFA20033ECCE /* Release */ = {
			isa = XCBuildConfiguration;
			buildSettings = {
				INFOPLIST_FILE = ThreeRingControlTests/Info.plist;
				LD_RUNPATH_SEARCH_PATHS = "$(inherited) @executable_path/Frameworks @loader_path/Frameworks";
				PRODUCT_BUNDLE_IDENTIFIER = yorkyang.ThreeRingControlTests;
				PRODUCT_NAME = "$(TARGET_NAME)";
			};
			name = Release;
		};
/* End XCBuildConfiguration section */

/* Begin XCConfigurationList section */
		764DD30F1D81FFA20033ECCE /* Build configuration list for PBXProject "ThreeRingControl" */ = {
			isa = XCConfigurationList;
			buildConfigurations = (
				764DD3271D81FFA20033ECCE /* Debug */,
				764DD3281D81FFA20033ECCE /* Release */,
			);
			defaultConfigurationIsVisible = 0;
			defaultConfigurationName = Release;
		};
		764DD3291D81FFA20033ECCE /* Build configuration list for PBXNativeTarget "ThreeRingControl" */ = {
			isa = XCConfigurationList;
			buildConfigurations = (
				764DD32A1D81FFA20033ECCE /* Debug */,
				764DD32B1D81FFA20033ECCE /* Release */,
			);
			defaultConfigurationIsVisible = 0;
			defaultConfigurationName = Release;
		};
		764DD32C1D81FFA20033ECCE /* Build configuration list for PBXNativeTarget "ThreeRingControlTests" */ = {
			isa = XCConfigurationList;
			buildConfigurations = (
				764DD32D1D81FFA20033ECCE /* Debug */,
				764DD32E1D81FFA20033ECCE /* Release */,
			);
			defaultConfigurationIsVisible = 0;
			defaultConfigurationName = Release;
		};
/* End XCConfigurationList section */
	};
	rootObject = 764DD30C1D81FFA20033ECCE /* Project object */;
}
